
Microsoft Visual Studio Solution File, Format Version 12.00
# Visual Studio Version 17
VisualStudioVersion = 17.0.31903.59
MinimumVisualStudioVersion = 10.0.40219.1
Project("{FAE04EC0-301F-11D3-BF4B-00C04F79EFBC}") = "Launcher", "Launcher\Launcher.csproj", "{F649DF85-262B-4675-B3EC-F3F118C3DE7B}"
EndProject
Project("{FAE04EC0-301F-11D3-BF4B-00C04F79EFBC}") = "FNA.Core", "FNA\FNA.Core.csproj", "{DB1D7F27-6245-45BF-ADEA-4BD4FAF331C5}"
EndProject
Project("{2150E333-8FDC-42A3-9474-1A3956D46DE8}") = "NativeFileDialogSharp", "NativeFileDialogSharp", "{B016B78E-6E9B-4502-B90F-8F6C1D9D96D4}"
EndProject
Project("{FAE04EC0-301F-11D3-BF4B-00C04F79EFBC}") = "NativeFileDialogSharp", "NativeFileDialogSharp\NativeFileDialogSharp\NativeFileDialogSharp.csproj", "{64545C95-3B94-4B09-ADAC-F3A5C30DFC7B}"
EndProject
Global
	GlobalSection(SolutionConfigurationPlatforms) = preSolution
		Debug|Any CPU = Debug|Any CPU
		Release|Any CPU = Release|Any CPU
	EndGlobalSection
	GlobalSection(SolutionProperties) = preSolution
		HideSolutionNode = FALSE
	EndGlobalSection
	GlobalSection(ProjectConfigurationPlatforms) = postSolution
		{F649DF85-262B-4675-B3EC-F3F118C3DE7B}.Debug|Any CPU.ActiveCfg = Debug|Any CPU
		{F649DF85-262B-4675-B3EC-F3F118C3DE7B}.Debug|Any CPU.Build.0 = Debug|Any CPU
		{F649DF85-262B-4675-B3EC-F3F118C3DE7B}.Release|Any CPU.ActiveCfg = Release|Any CPU
		{F649DF85-262B-4675-B3EC-F3F118C3DE7B}.Release|Any CPU.Build.0 = Release|Any CPU
		{DB1D7F27-6245-45BF-ADEA-4BD4FAF331C5}.Debug|Any CPU.ActiveCfg = Debug|x64
		{DB1D7F27-6245-45BF-ADEA-4BD4FAF331C5}.Debug|Any CPU.Build.0 = Debug|x64
		{DB1D7F27-6245-45BF-ADEA-4BD4FAF331C5}.Release|Any CPU.ActiveCfg = Release|x64
		{DB1D7F27-6245-45BF-ADEA-4BD4FAF331C5}.Release|Any CPU.Build.0 = Release|x64
		{64545C95-3B94-4B09-ADAC-F3A5C30DFC7B}.Debug|Any CPU.ActiveCfg = Debug|Any CPU
		{64545C95-3B94-4B09-ADAC-F3A5C30DFC7B}.Debug|Any CPU.Build.0 = Debug|Any CPU
		{64545C95-3B94-4B09-ADAC-F3A5C30DFC7B}.Release|Any CPU.ActiveCfg = Release|Any CPU
		{64545C95-3B94-4B09-ADAC-F3A5C30DFC7B}.Release|Any CPU.Build.0 = Release|Any CPU
	EndGlobalSection
	GlobalSection(NestedProjects) = preSolution
		{64545C95-3B94-4B09-ADAC-F3A5C30DFC7B} = {B016B78E-6E9B-4502-B90F-8F6C1D9D96D4}
	EndGlobalSection
EndGlobal
